// !$*UTF8*$!
{
	archiveVersion = 1;
	classes = {
	};
	objectVersion = 55;
	objects = {

/* Begin PBXBuildFile section */
		52220F4A27EF010B006B01E8 /* AppDelegate.swift in Sources */ = {isa = PBXBuildFile; fileRef = 52220F4927EF010B006B01E8 /* AppDelegate.swift */; };
		52220F4C27EF010B006B01E8 /* SceneDelegate.swift in Sources */ = {isa = PBXBuildFile; fileRef = 52220F4B27EF010B006B01E8 /* SceneDelegate.swift */; };
		52220F4E27EF010B006B01E8 /* ViewController.swift in Sources */ = {isa = PBXBuildFile; fileRef = 52220F4D27EF010B006B01E8 /* ViewController.swift */; };
		52220F5127EF010B006B01E8 /* Main.storyboard in Resources */ = {isa = PBXBuildFile; fileRef = 52220F4F27EF010B006B01E8 /* Main.storyboard */; };
		52220F5327EF010C006B01E8 /* Assets.xcassets in Resources */ = {isa = PBXBuildFile; fileRef = 52220F5227EF010C006B01E8 /* Assets.xcassets */; };
		52220F5627EF010C006B01E8 /* LaunchScreen.storyboard in Resources */ = {isa = PBXBuildFile; fileRef = 52220F5427EF010C006B01E8 /* LaunchScreen.storyboard */; };
		52220F5F27EF02A9006B01E8 /* SampleAnimation.swift in Sources */ = {isa = PBXBuildFile; fileRef = 52220F5E27EF02A9006B01E8 /* SampleAnimation.swift */; };
		52220F6127EF03CA006B01E8 /* Timers.swift in Sources */ = {isa = PBXBuildFile; fileRef = 52220F6027EF03CA006B01E8 /* Timers.swift */; };
/* End PBXBuildFile section */

/* Begin PBXFileReference section */
		52220F4627EF010B006B01E8 /* AnimationTimer.app */ = {isa = PBXFileReference; explicitFileType = wrapper.application; includeInIndex = 0; path = AnimationTimer.app; sourceTree = BUILT_PRODUCTS_DIR; };
		52220F4927EF010B006B01E8 /* AppDelegate.swift */ = {isa = PBXFileReference; lastKnownFileType = sourcecode.swift; path = AppDelegate.swift; sourceTree = "<group>"; };
		52220F4B27EF010B006B01E8 /* SceneDelegate.swift */ = {isa = PBXFileReference; lastKnownFileType = sourcecode.swift; path = SceneDelegate.swift; sourceTree = "<group>"; };
		52220F4D27EF010B006B01E8 /* ViewController.swift */ = {isa = PBXFileReference; lastKnownFileType = sourcecode.swift; path = ViewController.swift; sourceTree = "<group>"; };
		52220F5027EF010B006B01E8 /* Base */ = {isa = PBXFileReference; lastKnownFileType = file.storyboard; name = Base; path = Base.lproj/Main.storyboard; sourceTree = "<group>"; };
		52220F5227EF010C006B01E8 /* Assets.xcassets */ = {isa = PBXFileReference; lastKnownFileType = folder.assetcatalog; path = Assets.xcassets; sourceTree = "<group>"; };
		52220F5527EF010C006B01E8 /* Base */ = {isa = PBXFileReference; lastKnownFileType = file.storyboard; name = Base; path = Base.lproj/LaunchScreen.storyboard; sourceTree = "<group>"; };
		52220F5727EF010C006B01E8 /* Info.plist */ = {isa = PBXFileReference; lastKnownFileType = text.plist.xml; path = Info.plist; sourceTree = "<group>"; };
		52220F5E27EF02A9006B01E8 /* SampleAnimation.swift */ = {isa = PBXFileReference; lastKnownFileType = sourcecode.swift; path = SampleAnimation.swift; sourceTree = "<group>"; };
		52220F6027EF03CA006B01E8 /* Timers.swift */ = {isa = PBXFileReference; lastKnownFileType = sourcecode.swift; path = Timers.swift; sourceTree = "<group>"; };
/* End PBXFileReference section */

/* Begin PBXFrameworksBuildPhase section */
		52220F4327EF010B006B01E8 /* Frameworks */ = {
			isa = PBXFrameworksBuildPhase;
			buildActionMask = 2147483647;
			files = (
			);
			runOnlyForDeploymentPostprocessing = 0;
		};
/* End PBXFrameworksBuildPhase section */

/* Begin PBXGroup section */
		52220F3D27EF010B006B01E8 = {
			isa = PBXGroup;
			children = (
				52220F4827EF010B006B01E8 /* AnimationTimer */,
				52220F4727EF010B006B01E8 /* Products */,
			);
			sourceTree = "<group>";
		};
		52220F4727EF010B006B01E8 /* Products */ = {
			isa = PBXGroup;
			children = (
				52220F4627EF010B006B01E8 /* AnimationTimer.app */,
			);
			name = Products;
			sourceTree = "<group>";
		};
		52220F4827EF010B006B01E8 /* AnimationTimer */ = {
			isa = PBXGroup;
			children = (
				52220F5D27EF025D006B01E8 /* EssentialCode */,
				52220F4927EF010B006B01E8 /* AppDelegate.swift */,
				52220F4B27EF010B006B01E8 /* SceneDelegate.swift */,
				52220F4D27EF010B006B01E8 /* ViewController.swift */,
				52220F4F27EF010B006B01E8 /* Main.storyboard */,
				52220F5227EF010C006B01E8 /* Assets.xcassets */,
				52220F5427EF010C006B01E8 /* LaunchScreen.storyboard */,
				52220F5727EF010C006B01E8 /* Info.plist */,
			);
			path = AnimationTimer;
			sourceTree = "<group>";
		};
		52220F5D27EF025D006B01E8 /* EssentialCode */ = {
			isa = PBXGroup;
			children = (
				52220F5E27EF02A9006B01E8 /* SampleAnimation.swift */,
				52220F6027EF03CA006B01E8 /* Timers.swift */,
			);
			path = EssentialCode;
			sourceTree = "<group>";
		};
/* End PBXGroup section */

/* Begin PBXNativeTarget section */
		52220F4527EF010B006B01E8 /* AnimationTimer */ = {
			isa = PBXNativeTarget;
			buildConfigurationList = 52220F5A27EF010C006B01E8 /* Build configuration list for PBXNativeTarget "AnimationTimer" */;
			buildPhases = (
				52220F4227EF010B006B01E8 /* Sources */,
				52220F4327EF010B006B01E8 /* Frameworks */,
				52220F4427EF010B006B01E8 /* Resources */,
			);
			buildRules = (
			);
			dependencies = (
			);
			name = AnimationTimer;
			productName = AnimationTimer;
			productReference = 52220F4627EF010B006B01E8 /* AnimationTimer.app */;
			productType = "com.apple.product-type.application";
		};
/* End PBXNativeTarget section */

/* Begin PBXProject section */
		52220F3E27EF010B006B01E8 /* Project object */ = {
			isa = PBXProject;
			attributes = {
				BuildIndependentTargetsInParallel = 1;
				LastSwiftUpdateCheck = 1320;
				LastUpgradeCheck = 1320;
				TargetAttributes = {
					52220F4527EF010B006B01E8 = {
						CreatedOnToolsVersion = 13.2.1;
					};
				};
			};
			buildConfigurationList = 52220F4127EF010B006B01E8 /* Build configuration list for PBXProject "AnimationTimer" */;
			compatibilityVersion = "Xcode 13.0";
			developmentRegion = en;
			hasScannedForEncodings = 0;
			knownRegions = (
				en,
				Base,
			);
			mainGroup = 52220F3D27EF010B006B01E8;
			productRefGroup = 52220F4727EF010B006B01E8 /* Products */;
			projectDirPath = "";
			projectRoot = "";
			targets = (
				52220F4527EF010B006B01E8 /* AnimationTimer */,
			);
		};
/* End PBXProject section */

/* Begin PBXResourcesBuildPhase section */
		52220F4427EF010B006B01E8 /* Resources */ = {
			isa = PBXResourcesBuildPhase;
			buildActionMask = 2147483647;
			files = (
				52220F5627EF010C006B01E8 /* LaunchScreen.storyboard in Resources */,
				52220F5327EF010C006B01E8 /* Assets.xcassets in Resources */,
				52220F5127EF010B006B01E8 /* Main.storyboard in Resources */,
			);
			runOnlyForDeploymentPostprocessing = 0;
		};
/* End PBXResourcesBuildPhase section */

/* Begin PBXSourcesBuildPhase section */
		52220F4227EF010B006B01E8 /* Sources */ = {
			isa = PBXSourcesBuildPhase;
			buildActionMask = 2147483647;
			files = (
				52220F4E27EF010B006B01E8 /* ViewController.swift in Sources */,
				52220F4A27EF010B006B01E8 /* AppDelegate.swift in Sources */,
				52220F6127EF03CA006B01E8 /* Timers.swift in Sources */,
				52220F5F27EF02A9006B01E8 /* SampleAnimation.swift in Sources */,
				52220F4C27EF010B006B01E8 /* SceneDelegate.swift in Sources */,
			);
			runOnlyForDeploymentPostprocessing = 0;
		};
/* End PBXSourcesBuildPhase section */

/* Begin PBXVariantGroup section */
		52220F4F27EF010B006B01E8 /* Main.storyboard */ = {
			isa = PBXVariantGroup;
			children = (
				52220F5027EF010B006B01E8 /* Base */,
			);
			name = Main.storyboard;
			sourceTree = "<group>";
		};
		52220F5427EF010C006B01E8 /* LaunchScreen.storyboard */ = {
			isa = PBXVariantGroup;
			children = (
				52220F5527EF010C006B01E8 /* Base */,
			);
			name = LaunchScreen.storyboard;
			sourceTree = "<group>";
		};
/* End PBXVariantGroup section */

/* Begin XCBuildConfiguration section */
		52220F5827EF010C006B01E8 /* Debug */ = {
			isa = XCBuildConfiguration;
			buildSettings = {
				ALWAYS_SEARCH_USER_PATHS = NO;
				CLANG_ANALYZER_NONNULL = YES;
				CLANG_ANALYZER_NUMBER_OBJECT_CONVERSION = YES_AGGRESSIVE;
				CLANG_CXX_LANGUAGE_STANDARD = "gnu++17";
				CLANG_CXX_LIBRARY = "libc++";
				CLANG_ENABLE_MODULES = YES;
				CLANG_ENABLE_OBJC_ARC = YES;
				CLANG_ENABLE_OBJC_WEAK = YES;
				CLANG_WARN_BLOCK_CAPTURE_AUTORELEASING = YES;
				CLANG_WARN_BOOL_CONVERSION = YES;
				CLANG_WARN_COMMA = YES;
				CLANG_WARN_CONSTANT_CONVERSION = YES;
				CLANG_WARN_DEPRECATED_OBJC_IMPLEMENTATIONS = YES;
				CLANG_WARN_DIRECT_OBJC_ISA_USAGE = YES_ERROR;
				CLANG_WARN_DOCUMENTATION_COMMENTS = YES;
				CLANG_WARN_EMPTY_BODY = YES;
				CLANG_WARN_ENUM_CONVERSION = YES;
				CLANG_WARN_INFINITE_RECURSION = YES;
				CLANG_WARN_INT_CONVERSION = YES;
				CLANG_WARN_NON_LITERAL_NULL_CONVERSION = YES;
				CLANG_WARN_OBJC_IMPLICIT_RETAIN_SELF = YES;
				CLANG_WARN_OBJC_LITERAL_CONVERSION = YES;
				CLANG_WARN_OBJC_ROOT_CLASS = YES_ERROR;
				CLANG_WARN_QUOTED_INCLUDE_IN_FRAMEWORK_HEADER = YES;
				CLANG_WARN_RANGE_LOOP_ANALYSIS = YES;
				CLANG_WARN_STRICT_PROTOTYPES = YES;
				CLANG_WARN_SUSPICIOUS_MOVE = YES;
				CLANG_WARN_UNGUARDED_AVAILABILITY = YES_AGGRESSIVE;
				CLANG_WARN_UNREACHABLE_CODE = YES;
				CLANG_WARN__DUPLICATE_METHOD_MATCH = YES;
				COPY_PHASE_STRIP = NO;
				DEBUG_INFORMATION_FORMAT = dwarf;
				ENABLE_STRICT_OBJC_MSGSEND = YES;
				ENABLE_TESTABILITY = YES;
				GCC_C_LANGUAGE_STANDARD = gnu11;
				GCC_DYNAMIC_NO_PIC = NO;
				GCC_NO_COMMON_BLOCKS = YES;
				GCC_OPTIMIZATION_LEVEL = 0;
				GCC_PREPROCESSOR_DEFINITIONS = (
					"DEBUG=1",
					"$(inherited)",
				);
				GCC_WARN_64_TO_32_BIT_CONVERSION = YES;
				GCC_WARN_ABOUT_RETURN_TYPE = YES_ERROR;
				GCC_WARN_UNDECLARED_SELECTOR = YES;
				GCC_WARN_UNINITIALIZED_AUTOS = YES_AGGRESSIVE;
				GCC_WARN_UNUSED_FUNCTION = YES;
				GCC_WARN_UNUSED_VARIABLE = YES;
				IPHONEOS_DEPLOYMENT_TARGET = 13.0;
				MTL_ENABLE_DEBUG_INFO = INCLUDE_SOURCE;
				MTL_FAST_MATH = YES;
				ONLY_ACTIVE_ARCH = YES;
				SDKROOT = iphoneos;
				SWIFT_ACTIVE_COMPILATION_CONDITIONS = DEBUG;
				SWIFT_OPTIMIZATION_LEVEL = "-Onone";
			};
			name = Debug;
		};
		52220F5927EF010C006B01E8 /* Release */ = {
			isa = XCBuildConfiguration;
			buildSettings = {
				ALWAYS_SEARCH_USER_PATHS = NO;
				CLANG_ANALYZER_NONNULL = YES;
				CLANG_ANALYZER_NUMBER_OBJECT_CONVERSION = YES_AGGRESSIVE;
				CLANG_CXX_LANGUAGE_STANDARD = "gnu++17";
				CLANG_CXX_LIBRARY = "libc++";
				CLANG_ENABLE_MODULES = YES;
				CLANG_ENABLE_OBJC_ARC = YES;
				CLANG_ENABLE_OBJC_WEAK = YES;
				CLANG_WARN_BLOCK_CAPTURE_AUTORELEASING = YES;
				CLANG_WARN_BOOL_CONVERSION = YES;
				CLANG_WARN_COMMA = YES;
				CLANG_WARN_CONSTANT_CONVERSION = YES;
				CLANG_WARN_DEPRECATED_OBJC_IMPLEMENTATIONS = YES;
				CLANG_WARN_DIRECT_OBJC_ISA_USAGE = YES_ERROR;
				CLANG_WARN_DOCUMENTATION_COMMENTS = YES;
				CLANG_WARN_EMPTY_BODY = YES;
				CLANG_WARN_ENUM_CONVERSION = YES;
				CLANG_WARN_INFINITE_RECURSION = YES;
				CLANG_WARN_INT_CONVERSION = YES;
				CLANG_WARN_NON_LITERAL_NULL_CONVERSION = YES;
				CLANG_WARN_OBJC_IMPLICIT_RETAIN_SELF = YES;
				CLANG_WARN_OBJC_LITERAL_CONVERSION = YES;
				CLANG_WARN_OBJC_ROOT_CLASS = YES_ERROR;
				CLANG_WARN_QUOTED_INCLUDE_IN_FRAMEWORK_HEADER = YES;
				CLANG_WARN_RANGE_LOOP_ANALYSIS = YES;
				CLANG_WARN_STRICT_PROTOTYPES = YES;
				CLANG_WARN_SUSPICIOUS_MOVE = YES;
				CLANG_WARN_UNGUARDED_AVAILABILITY = YES_AGGRESSIVE;
				CLANG_WARN_UNREACHABLE_CODE = YES;
				CLANG_WARN__DUPLICATE_METHOD_MATCH = YES;
				COPY_PHASE_STRIP = NO;
				DEBUG_INFORMATION_FORMAT = "dwarf-with-dsym";
				ENABLE_NS_ASSERTIONS = NO;
				ENABLE_STRICT_OBJC_MSGSEND = YES;
				GCC_C_LANGUAGE_STANDARD = gnu11;
				GCC_NO_COMMON_BLOCKS = YES;
				GCC_WARN_64_TO_32_BIT_CONVERSION = YES;
				GCC_WARN_ABOUT_RETURN_TYPE = YES_ERROR;
				GCC_WARN_UNDECLARED_SELECTOR = YES;
				GCC_WARN_UNINITIALIZED_AUTOS = YES_AGGRESSIVE;
				GCC_WARN_UNUSED_FUNCTION = YES;
				GCC_WARN_UNUSED_VARIABLE = YES;
				IPHONEOS_DEPLOYMENT_TARGET = 13.0;
				MTL_ENABLE_DEBUG_INFO = NO;
				MTL_FAST_MATH = YES;
				SDKROOT = iphoneos;
				SWIFT_COMPILATION_MODE = wholemodule;
				SWIFT_OPTIMIZATION_LEVEL = "-O";
				VALIDATE_PRODUCT = YES;
			};
			name = Release;
		};
		52220F5B27EF010C006B01E8 /* Debug */ = {
			isa = XCBuildConfiguration;
			buildSettings = {
				ASSETCATALOG_COMPILER_APPICON_NAME = AppIcon;
				ASSETCATALOG_COMPILER_GLOBAL_ACCENT_COLOR_NAME = AccentColor;
				CODE_SIGN_STYLE = Automatic;
				CURRENT_PROJECT_VERSION = 1;
				GENERATE_INFOPLIST_FILE = YES;
				INFOPLIST_FILE = AnimationTimer/Info.plist;
				INFOPLIST_KEY_UIApplicationSupportsIndirectInputEvents = YES;
				INFOPLIST_KEY_UILaunchStoryboardName = LaunchScreen;
				INFOPLIST_KEY_UIMainStoryboardFile = Main;
				INFOPLIST_KEY_UISupportedInterfaceOrientations = "";
				INFOPLIST_KEY_UISupportedInterfaceOrientations_iPad = "UIInterfaceOrientationPortrait UIInterfaceOrientationPortraitUpsideDown UIInterfaceOrientationLandscapeLeft UIInterfaceOrientationLandscapeRight";
				INFOPLIST_KEY_UISupportedInterfaceOrientations_iPhone = "UIInterfaceOrientationPortrait UIInterfaceOrientationLandscapeLeft UIInterfaceOrientationLandscapeRight";
				LD_RUNPATH_SEARCH_PATHS = (
					"$(inherited)",
					"@executable_path/Frameworks",
				);
				MARKETING_VERSION = 1.0;
				PRODUCT_BUNDLE_IDENTIFIER = nalexn.github.io.AnimationTimer;
				PRODUCT_NAME = "$(TARGET_NAME)";
				SWIFT_EMIT_LOC_STRINGS = YES;
				SWIFT_VERSION = 5.0;
				TARGETED_DEVICE_FAMILY = "1,2";
			};
			name = Debug;
		};
		52220F5C27EF010C006B01E8 /* Release */ = {
			isa = XCBuildConfiguration;
			buildSettings = {
				ASSETCATALOG_COMPILER_APPICON_NAME = AppIcon;
				ASSETCATALOG_COMPILER_GLOBAL_ACCENT_COLOR_NAME = AccentColor;
				CODE_SIGN_STYLE = Automatic;
				CURRENT_PROJECT_VERSION = 1;
				GENERATE_INFOPLIST_FILE = YES;
				INFOPLIST_FILE = AnimationTimer/Info.plist;
				INFOPLIST_KEY_UIApplicationSupportsIndirectInputEvents = YES;
				INFOPLIST_KEY_UILaunchStoryboardName = LaunchScreen;
				INFOPLIST_KEY_UIMainStoryboardFile = Main;
				INFOPLIST_KEY_UISupportedInterfaceOrientations = "";
				INFOPLIST_KEY_UISupportedInterfaceOrientations_iPad = "UIInterfaceOrientationPortrait UIInterfaceOrientationPortraitUpsideDown UIInterfaceOrientationLandscapeLeft UIInterfaceOrientationLandscapeRight";
				INFOPLIST_KEY_UISupportedInterfaceOrientations_iPhone = "UIInterfaceOrientationPortrait UIInterfaceOrientationLandscapeLeft UIInterfaceOrientationLandscapeRight";
				LD_RUNPATH_SEARCH_PATHS = (
					"$(inherited)",
					"@executable_path/Frameworks",
				);
				MARKETING_VERSION = 1.0;
				PRODUCT_BUNDLE_IDENTIFIER = nalexn.github.io.AnimationTimer;
				PRODUCT_NAME = "$(TARGET_NAME)";
				SWIFT_EMIT_LOC_STRINGS = YES;
				SWIFT_VERSION = 5.0;
				TARGETED_DEVICE_FAMILY = "1,2";
			};
			name = Release;
		};
/* End XCBuildConfiguration section */

/* Begin XCConfigurationList section */
		52220F4127EF010B006B01E8 /* Build configuration list for PBXProject "AnimationTimer" */ = {
			isa = XCConfigurationList;
			buildConfigurations = (
				52220F5827EF010C006B01E8 /* Debug */,
				52220F5927EF010C006B01E8 /* Release */,
			);
			defaultConfigurationIsVisible = 0;
			defaultConfigurationName = Release;
		};
		52220F5A27EF010C006B01E8 /* Build configuration list for PBXNativeTarget "AnimationTimer" */ = {
			isa = XCConfigurationList;
			buildConfigurations = (
				52220F5B27EF010C006B01E8 /* Debug */,
				52220F5C27EF010C006B01E8 /* Release */,
			);
			defaultConfigurationIsVisible = 0;
			defaultConfigurationName = Release;
		};
/* End XCConfigurationList section */
	};
	rootObject = 52220F3E27EF010B006B01E8 /* Project object */;
}
